# THIS IS AN AUTOGENERATED FILE. DO NOT EDIT THIS FILE DIRECTLY.
# yarn lockfile v1


eventsource@^1.0.5:
  version "1.0.5"
  resolved "https://registry.yarnpkg.com/eventsource/-/eventsource-1.0.5.tgz#1f012c9df0bd8832fd6b1744fea00ccdd479f046"
  dependencies:
    original "^1.0.0"

original@^1.0.0:
  version "1.0.1"
  resolved "https://registry.yarnpkg.com/original/-/original-1.0.1.tgz#b0a53ff42ba997a8c9cd1fb5daaeb42b9d693190"
  dependencies:
    url-parse "~1.4.0"

querystringify@^2.0.0:
  version "2.0.0"
  resolved "https://registry.yarnpkg.com/querystringify/-/querystringify-2.0.0.tgz#fa3ed6e68eb15159457c89b37bc6472833195755"

requires-port@^1.0.0:
  version "1.0.0"
  resolved "https://registry.yarnpkg.com/requires-port/-/requires-port-1.0.0.tgz#925d2601d39ac485e091cf0da5c6e694dc3dcaff"

url-parse@~1.4.0:
  version "1.4.1"
  resolved "https://registry.yarnpkg.com/url-parse/-/url-parse-1.4.1.tgz#4dec9dad3dc8585f862fed461d2e19bbf623df30"
  dependencies:
    querystringify "^2.0.0"
    requires-port "^1.0.0"
